// !$*UTF8*$!
{
	archiveVersion = 1;
	classes = {
	};
	objectVersion = 45;
	objects = {

/* Begin PBXBuildFile section */
		8DD76F9A0486AA7600D96B5E /* test.m in Sources */ = {isa = PBXBuildFile; fileRef = 08FB7796FE84155DC02AAC07 /* test.m */; settings = {ATTRIBUTES = (); }; };
		8DD76F9C0486AA7600D96B5E /* Foundation.framework in Frameworks */ = {isa = PBXBuildFile; fileRef = 08FB779EFE84155DC02AAC07 /* Foundation.framework */; };
		8DD76F9F0486AA7600D96B5E /* test.1 in CopyFiles */ = {isa = PBXBuildFile; fileRef = C6859EA3029092ED04C91782 /* test.1 */; };
		D2ACF6F21444631C00590A82 /* CoreServices.framework in Frameworks */ = {isa = PBXBuildFile; fileRef = D2ACF6F11444631C00590A82 /* CoreServices.framework */; };
		D2ACF6F71444632D00590A82 /* SystemConfiguration.framework in Frameworks */ = {isa = PBXBuildFile; fileRef = D2ACF6F61444632D00590A82 /* SystemConfiguration.framework */; };
		D2ACF6FB1444637A00590A82 /* libz.1.2.3.dylib in Frameworks */ = {isa = PBXBuildFile; fileRef = D2ACF6FA1444637A00590A82 /* libz.1.2.3.dylib */; };
		D2ACF713144463B700590A82 /* ASIDataCompressor.m in Sources */ = {isa = PBXBuildFile; fileRef = D2ACF702144463B700590A82 /* ASIDataCompressor.m */; };
		D2ACF714144463B700590A82 /* ASIDataDecompressor.m in Sources */ = {isa = PBXBuildFile; fileRef = D2ACF704144463B700590A82 /* ASIDataDecompressor.m */; };
		D2ACF715144463B700590A82 /* ASIDownloadCache.m in Sources */ = {isa = PBXBuildFile; fileRef = D2ACF706144463B700590A82 /* ASIDownloadCache.m */; };
		D2ACF716144463B700590A82 /* ASIFormDataRequest.m in Sources */ = {isa = PBXBuildFile; fileRef = D2ACF708144463B700590A82 /* ASIFormDataRequest.m */; };
		D2ACF717144463B700590A82 /* ASIHTTPRequest.m in Sources */ = {isa = PBXBuildFile; fileRef = D2ACF70A144463B700590A82 /* ASIHTTPRequest.m */; };
		D2ACF718144463B700590A82 /* ASIInputStream.m in Sources */ = {isa = PBXBuildFile; fileRef = D2ACF70E144463B700590A82 /* ASIInputStream.m */; };
		D2ACF719144463B700590A82 /* ASINetworkQueue.m in Sources */ = {isa = PBXBuildFile; fileRef = D2ACF710144463B700590A82 /* ASINetworkQueue.m */; };
		D2ACF7861444689B00590A82 /* parser.m in Sources */ = {isa = PBXBuildFile; fileRef = D2ACF7851444689B00590A82 /* parser.m */; };
/* End PBXBuildFile section */

/* Begin PBXCopyFilesBuildPhase section */
		8DD76F9E0486AA7600D96B5E /* CopyFiles */ = {
			isa = PBXCopyFilesBuildPhase;
			buildActionMask = 8;
			dstPath = /usr/share/man/man1/;
			dstSubfolderSpec = 0;
			files = (
				8DD76F9F0486AA7600D96B5E /* test.1 in CopyFiles */,
			);
			runOnlyForDeploymentPostprocessing = 1;
		};
/* End PBXCopyFilesBuildPhase section */

/* Begin PBXFileReference section */
		08FB7796FE84155DC02AAC07 /* test.m */ = {isa = PBXFileReference; fileEncoding = 4; lastKnownFileType = sourcecode.c.objc; path = test.m; sourceTree = "<group>"; };
		08FB779EFE84155DC02AAC07 /* Foundation.framework */ = {isa = PBXFileReference; lastKnownFileType = wrapper.framework; name = Foundation.framework; path = /System/Library/Frameworks/Foundation.framework; sourceTree = "<absolute>"; };
		32A70AAB03705E1F00C91783 /* test_Prefix.pch */ = {isa = PBXFileReference; fileEncoding = 4; lastKnownFileType = sourcecode.c.h; path = test_Prefix.pch; sourceTree = "<group>"; };
		8DD76FA10486AA7600D96B5E /* test */ = {isa = PBXFileReference; explicitFileType = "compiled.mach-o.executable"; includeInIndex = 0; path = test; sourceTree = BUILT_PRODUCTS_DIR; };
		C6859EA3029092ED04C91782 /* test.1 */ = {isa = PBXFileReference; lastKnownFileType = text.man; path = test.1; sourceTree = "<group>"; };
		D2ACF6F11444631C00590A82 /* CoreServices.framework */ = {isa = PBXFileReference; lastKnownFileType = wrapper.framework; name = CoreServices.framework; path = System/Library/Frameworks/CoreServices.framework; sourceTree = SDKROOT; };
		D2ACF6F61444632D00590A82 /* SystemConfiguration.framework */ = {isa = PBXFileReference; lastKnownFileType = wrapper.framework; name = SystemConfiguration.framework; path = System/Library/Frameworks/SystemConfiguration.framework; sourceTree = SDKROOT; };
		D2ACF6FA1444637A00590A82 /* libz.1.2.3.dylib */ = {isa = PBXFileReference; lastKnownFileType = "compiled.mach-o.dylib"; name = libz.1.2.3.dylib; path = usr/lib/libz.1.2.3.dylib; sourceTree = SDKROOT; };
		D2ACF700144463B700590A82 /* ASICacheDelegate.h */ = {isa = PBXFileReference; fileEncoding = 4; lastKnownFileType = sourcecode.c.h; name = ASICacheDelegate.h; path = "../pokeb-asi-http-request-4282568/Classes/ASICacheDelegate.h"; sourceTree = SOURCE_ROOT; };
		D2ACF701144463B700590A82 /* ASIDataCompressor.h */ = {isa = PBXFileReference; fileEncoding = 4; lastKnownFileType = sourcecode.c.h; name = ASIDataCompressor.h; path = "../pokeb-asi-http-request-4282568/Classes/ASIDataCompressor.h"; sourceTree = SOURCE_ROOT; };
		D2ACF702144463B700590A82 /* ASIDataCompressor.m */ = {isa = PBXFileReference; fileEncoding = 4; lastKnownFileType = sourcecode.c.objc; name = ASIDataCompressor.m; path = "../pokeb-asi-http-request-4282568/Classes/ASIDataCompressor.m"; sourceTree = SOURCE_ROOT; };
		D2ACF703144463B700590A82 /* ASIDataDecompressor.h */ = {isa = PBXFileReference; fileEncoding = 4; lastKnownFileType = sourcecode.c.h; name = ASIDataDecompressor.h; path = "../pokeb-asi-http-request-4282568/Classes/ASIDataDecompressor.h"; sourceTree = SOURCE_ROOT; };
		D2ACF704144463B700590A82 /* ASIDataDecompressor.m */ = {isa = PBXFileReference; fileEncoding = 4; lastKnownFileType = sourcecode.c.objc; name = ASIDataDecompressor.m; path = "../pokeb-asi-http-request-4282568/Classes/ASIDataDecompressor.m"; sourceTree = SOURCE_ROOT; };
		D2ACF705144463B700590A82 /* ASIDownloadCache.h */ = {isa = PBXFileReference; fileEncoding = 4; lastKnownFileType = sourcecode.c.h; name = ASIDownloadCache.h; path = "../pokeb-asi-http-request-4282568/Classes/ASIDownloadCache.h"; sourceTree = SOURCE_ROOT; };
		D2ACF706144463B700590A82 /* ASIDownloadCache.m */ = {isa = PBXFileReference; fileEncoding = 4; lastKnownFileType = sourcecode.c.objc; name = ASIDownloadCache.m; path = "../pokeb-asi-http-request-4282568/Classes/ASIDownloadCache.m"; sourceTree = SOURCE_ROOT; };
		D2ACF707144463B700590A82 /* ASIFormDataRequest.h */ = {isa = PBXFileReference; fileEncoding = 4; lastKnownFileType = sourcecode.c.h; name = ASIFormDataRequest.h; path = "../pokeb-asi-http-request-4282568/Classes/ASIFormDataRequest.h"; sourceTree = SOURCE_ROOT; };
		D2ACF708144463B700590A82 /* ASIFormDataRequest.m */ = {isa = PBXFileReference; fileEncoding = 4; lastKnownFileType = sourcecode.c.objc; name = ASIFormDataRequest.m; path = "../pokeb-asi-http-request-4282568/Classes/ASIFormDataRequest.m"; sourceTree = SOURCE_ROOT; };
		D2ACF709144463B700590A82 /* ASIHTTPRequest.h */ = {isa = PBXFileReference; fileEncoding = 4; lastKnownFileType = sourcecode.c.h; name = ASIHTTPRequest.h; path = "../pokeb-asi-http-request-4282568/Classes/ASIHTTPRequest.h"; sourceTree = SOURCE_ROOT; };
		D2ACF70A144463B700590A82 /* ASIHTTPRequest.m */ = {isa = PBXFileReference; fileEncoding = 4; lastKnownFileType = sourcecode.c.objc; name = ASIHTTPRequest.m; path = "../pokeb-asi-http-request-4282568/Classes/ASIHTTPRequest.m"; sourceTree = SOURCE_ROOT; };
		D2ACF70B144463B700590A82 /* ASIHTTPRequestConfig.h */ = {isa = PBXFileReference; fileEncoding = 4; lastKnownFileType = sourcecode.c.h; name = ASIHTTPRequestConfig.h; path = "../pokeb-asi-http-request-4282568/Classes/ASIHTTPRequestConfig.h"; sourceTree = SOURCE_ROOT; };
		D2ACF70C144463B700590A82 /* ASIHTTPRequestDelegate.h */ = {isa = PBXFileReference; fileEncoding = 4; lastKnownFileType = sourcecode.c.h; name = ASIHTTPRequestDelegate.h; path = "../pokeb-asi-http-request-4282568/Classes/ASIHTTPRequestDelegate.h"; sourceTree = SOURCE_ROOT; };
		D2ACF70D144463B700590A82 /* ASIInputStream.h */ = {isa = PBXFileReference; fileEncoding = 4; lastKnownFileType = sourcecode.c.h; name = ASIInputStream.h; path = "../pokeb-asi-http-request-4282568/Classes/ASIInputStream.h"; sourceTree = SOURCE_ROOT; };
		D2ACF70E144463B700590A82 /* ASIInputStream.m */ = {isa = PBXFileReference; fileEncoding = 4; lastKnownFileType = sourcecode.c.objc; name = ASIInputStream.m; path = "../pokeb-asi-http-request-4282568/Classes/ASIInputStream.m"; sourceTree = SOURCE_ROOT; };
		D2ACF70F144463B700590A82 /* ASINetworkQueue.h */ = {isa = PBXFileReference; fileEncoding = 4; lastKnownFileType = sourcecode.c.h; name = ASINetworkQueue.h; path = "../pokeb-asi-http-request-4282568/Classes/ASINetworkQueue.h"; sourceTree = SOURCE_ROOT; };
		D2ACF710144463B700590A82 /* ASINetworkQueue.m */ = {isa = PBXFileReference; fileEncoding = 4; lastKnownFileType = sourcecode.c.objc; name = ASINetworkQueue.m; path = "../pokeb-asi-http-request-4282568/Classes/ASINetworkQueue.m"; sourceTree = SOURCE_ROOT; };
		D2ACF711144463B700590A82 /* ASIProgressDelegate.h */ = {isa = PBXFileReference; fileEncoding = 4; lastKnownFileType = sourcecode.c.h; name = ASIProgressDelegate.h; path = "../pokeb-asi-http-request-4282568/Classes/ASIProgressDelegate.h"; sourceTree = SOURCE_ROOT; };
		D2ACF7841444689B00590A82 /* parser.h */ = {isa = PBXFileReference; fileEncoding = 4; lastKnownFileType = sourcecode.c.h; path = parser.h; sourceTree = "<group>"; };
		D2ACF7851444689B00590A82 /* parser.m */ = {isa = PBXFileReference; fileEncoding = 4; lastKnownFileType = sourcecode.c.objc; path = parser.m; sourceTree = "<group>"; };
/* End PBXFileReference section */

/* Begin PBXFrameworksBuildPhase section */
		8DD76F9B0486AA7600D96B5E /* Frameworks */ = {
			isa = PBXFrameworksBuildPhase;
			buildActionMask = 2147483647;
			files = (
				8DD76F9C0486AA7600D96B5E /* Foundation.framework in Frameworks */,
				D2ACF6F21444631C00590A82 /* CoreServices.framework in Frameworks */,
				D2ACF6F71444632D00590A82 /* SystemConfiguration.framework in Frameworks */,
				D2ACF6FB1444637A00590A82 /* libz.1.2.3.dylib in Frameworks */,
			);
			runOnlyForDeploymentPostprocessing = 0;
		};
/* End PBXFrameworksBuildPhase section */

/* Begin PBXGroup section */
		08FB7794FE84155DC02AAC07 /* test */ = {
			isa = PBXGroup;
			children = (
				08FB7795FE84155DC02AAC07 /* Source */,
				C6859EA2029092E104C91782 /* Documentation */,
				08FB779DFE84155DC02AAC07 /* External Frameworks and Libraries */,
				1AB674ADFE9D54B511CA2CBB /* Products */,
			);
			name = test;
			sourceTree = "<group>";
		};
		08FB7795FE84155DC02AAC07 /* Source */ = {
			isa = PBXGroup;
			children = (
				D2ACF6FD1444639A00590A82 /* http */,
				32A70AAB03705E1F00C91783 /* test_Prefix.pch */,
				08FB7796FE84155DC02AAC07 /* test.m */,
				D2ACF7841444689B00590A82 /* parser.h */,
				D2ACF7851444689B00590A82 /* parser.m */,
			);
			name = Source;
			sourceTree = "<group>";
		};
		08FB779DFE84155DC02AAC07 /* External Frameworks and Libraries */ = {
			isa = PBXGroup;
			children = (
				D2ACF6FA1444637A00590A82 /* libz.1.2.3.dylib */,
				D2ACF6F61444632D00590A82 /* SystemConfiguration.framework */,
				D2ACF6F11444631C00590A82 /* CoreServices.framework */,
				08FB779EFE84155DC02AAC07 /* Foundation.framework */,
			);
			name = "External Frameworks and Libraries";
			sourceTree = "<group>";
		};
		1AB674ADFE9D54B511CA2CBB /* Products */ = {
			isa = PBXGroup;
			children = (
				8DD76FA10486AA7600D96B5E /* test */,
			);
			name = Products;
			sourceTree = "<group>";
		};
		C6859EA2029092E104C91782 /* Documentation */ = {
			isa = PBXGroup;
			children = (
				C6859EA3029092ED04C91782 /* test.1 */,
			);
			name = Documentation;
			sourceTree = "<group>";
		};
		D2ACF6FD1444639A00590A82 /* http */ = {
			isa = PBXGroup;
			children = (
				D2ACF700144463B700590A82 /* ASICacheDelegate.h */,
				D2ACF701144463B700590A82 /* ASIDataCompressor.h */,
				D2ACF702144463B700590A82 /* ASIDataCompressor.m */,
				D2ACF703144463B700590A82 /* ASIDataDecompressor.h */,
				D2ACF704144463B700590A82 /* ASIDataDecompressor.m */,
				D2ACF705144463B700590A82 /* ASIDownloadCache.h */,
				D2ACF706144463B700590A82 /* ASIDownloadCache.m */,
				D2ACF707144463B700590A82 /* ASIFormDataRequest.h */,
				D2ACF708144463B700590A82 /* ASIFormDataRequest.m */,
				D2ACF709144463B700590A82 /* ASIHTTPRequest.h */,
				D2ACF70A144463B700590A82 /* ASIHTTPRequest.m */,
				D2ACF70B144463B700590A82 /* ASIHTTPRequestConfig.h */,
				D2ACF70C144463B700590A82 /* ASIHTTPRequestDelegate.h */,
				D2ACF70D144463B700590A82 /* ASIInputStream.h */,
				D2ACF70E144463B700590A82 /* ASIInputStream.m */,
				D2ACF70F144463B700590A82 /* ASINetworkQueue.h */,
				D2ACF710144463B700590A82 /* ASINetworkQueue.m */,
				D2ACF711144463B700590A82 /* ASIProgressDelegate.h */,
			);
			name = http;
			sourceTree = "<group>";
		};
/* End PBXGroup section */

/* Begin PBXNativeTarget section */
		8DD76F960486AA7600D96B5E /* test */ = {
			isa = PBXNativeTarget;
			buildConfigurationList = 1DEB927408733DD40010E9CD /* Build configuration list for PBXNativeTarget "test" */;
			buildPhases = (
				8DD76F990486AA7600D96B5E /* Sources */,
				8DD76F9B0486AA7600D96B5E /* Frameworks */,
				8DD76F9E0486AA7600D96B5E /* CopyFiles */,
			);
			buildRules = (
			);
			dependencies = (
			);
			name = test;
			productInstallPath = "$(HOME)/bin";
			productName = test;
			productReference = 8DD76FA10486AA7600D96B5E /* test */;
			productType = "com.apple.product-type.tool";
		};
/* End PBXNativeTarget section */

/* Begin PBXProject section */
		08FB7793FE84155DC02AAC07 /* Project object */ = {
			isa = PBXProject;
			buildConfigurationList = 1DEB927808733DD40010E9CD /* Build configuration list for PBXProject "test" */;
			compatibilityVersion = "Xcode 3.1";
			hasScannedForEncodings = 1;
			mainGroup = 08FB7794FE84155DC02AAC07 /* test */;
			projectDirPath = "";
			projectRoot = "";
			targets = (
				8DD76F960486AA7600D96B5E /* test */,
			);
		};
/* End PBXProject section */

/* Begin PBXSourcesBuildPhase section */
		8DD76F990486AA7600D96B5E /* Sources */ = {
			isa = PBXSourcesBuildPhase;
			buildActionMask = 2147483647;
			files = (
				8DD76F9A0486AA7600D96B5E /* test.m in Sources */,
				D2ACF713144463B700590A82 /* ASIDataCompressor.m in Sources */,
				D2ACF714144463B700590A82 /* ASIDataDecompressor.m in Sources */,
				D2ACF715144463B700590A82 /* ASIDownloadCache.m in Sources */,
				D2ACF716144463B700590A82 /* ASIFormDataRequest.m in Sources */,
				D2ACF717144463B700590A82 /* ASIHTTPRequest.m in Sources */,
				D2ACF718144463B700590A82 /* ASIInputStream.m in Sources */,
				D2ACF719144463B700590A82 /* ASINetworkQueue.m in Sources */,
				D2ACF7861444689B00590A82 /* parser.m in Sources */,
			);
			runOnlyForDeploymentPostprocessing = 0;
		};
/* End PBXSourcesBuildPhase section */

/* Begin XCBuildConfiguration section */
		1DEB927508733DD40010E9CD /* Debug */ = {
			isa = XCBuildConfiguration;
			buildSettings = {
				ALWAYS_SEARCH_USER_PATHS = NO;
				COPY_PHASE_STRIP = NO;
				GCC_DYNAMIC_NO_PIC = NO;
				GCC_ENABLE_FIX_AND_CONTINUE = YES;
				GCC_MODEL_TUNING = G5;
				GCC_OPTIMIZATION_LEVEL = 0;
				GCC_PRECOMPILE_PREFIX_HEADER = YES;
				GCC_PREFIX_HEADER = test_Prefix.pch;
				INSTALL_PATH = /usr/local/bin;
				PRODUCT_NAME = test;
			};
			name = Debug;
		};
		1DEB927608733DD40010E9CD /* Release */ = {
			isa = XCBuildConfiguration;
			buildSettings = {
				ALWAYS_SEARCH_USER_PATHS = NO;
				DEBUG_INFORMATION_FORMAT = "dwarf-with-dsym";
				GCC_MODEL_TUNING = G5;
				GCC_PRECOMPILE_PREFIX_HEADER = YES;
				GCC_PREFIX_HEADER = test_Prefix.pch;
				INSTALL_PATH = /usr/local/bin;
				PRODUCT_NAME = test;
			};
			name = Release;
		};
		1DEB927908733DD40010E9CD /* Debug */ = {
			isa = XCBuildConfiguration;
			buildSettings = {
				ARCHS = "$(ARCHS_STANDARD_32_BIT)";
				GCC_C_LANGUAGE_STANDARD = c99;
				GCC_OPTIMIZATION_LEVEL = 0;
				GCC_WARN_ABOUT_RETURN_TYPE = YES;
				GCC_WARN_UNUSED_VARIABLE = YES;
				ONLY_ACTIVE_ARCH = YES;
				PREBINDING = NO;
				SDKROOT = macosx10.5;
			};
			name = Debug;
		};
		1DEB927A08733DD40010E9CD /* Release */ = {
			isa = XCBuildConfiguration;
			buildSettings = {
				ARCHS = "$(ARCHS_STANDARD_32_BIT)";
				GCC_C_LANGUAGE_STANDARD = c99;
				GCC_WARN_ABOUT_RETURN_TYPE = YES;
				GCC_WARN_UNUSED_VARIABLE = YES;
				PREBINDING = NO;
				SDKROOT = macosx10.5;
			};
			name = Release;
		};
/* End XCBuildConfiguration section */

/* Begin XCConfigurationList section */
		1DEB927408733DD40010E9CD /* Build configuration list for PBXNativeTarget "test" */ = {
			isa = XCConfigurationList;
			buildConfigurations = (
				1DEB927508733DD40010E9CD /* Debug */,
				1DEB927608733DD40010E9CD /* Release */,
			);
			defaultConfigurationIsVisible = 0;
			defaultConfigurationName = Release;
		};
		1DEB927808733DD40010E9CD /* Build configuration list for PBXProject "test" */ = {
			isa = XCConfigurationList;
			buildConfigurations = (
				1DEB927908733DD40010E9CD /* Debug */,
				1DEB927A08733DD40010E9CD /* Release */,
			);
			defaultConfigurationIsVisible = 0;
			defaultConfigurationName = Release;
		};
/* End XCConfigurationList section */
	};
	rootObject = 08FB7793FE84155DC02AAC07 /* Project object */;
}
